
Microsoft Visual Studio Solution File, Format Version 12.00
# Visual Studio Version 17
VisualStudioVersion = 17.11.35327.3
MinimumVisualStudioVersion = 10.0.40219.1
Project("{FAE04EC0-301F-11D3-BF4B-00C04F79EFBC}") = "DziennikASPDotNetMVC", "DziennikASPDotNetMVC.csproj", "{0D22795A-2E30-4B0E-BE4D-48A285478681}"
EndProject
Project("{FAE04EC0-301F-11D3-BF4B-00C04F79EFBC}") = "Database", "..\Database\Database.csproj", "{0257801A-B223-4C48-9043-1B72DFE54A4D}"
EndProject
Global
	GlobalSection(SolutionConfigurationPlatforms) = preSolution
		Debug|Any CPU = Debug|Any CPU
		Release|Any CPU = Release|Any CPU
	EndGlobalSection
	GlobalSection(ProjectConfigurationPlatforms) = postSolution
		{0D22795A-2E30-4B0E-BE4D-48A285478681}.Debug|Any CPU.ActiveCfg = Debug|Any CPU
		{0D22795A-2E30-4B0E-BE4D-48A285478681}.Debug|Any CPU.Build.0 = Debug|Any CPU
		{0D22795A-2E30-4B0E-BE4D-48A285478681}.Release|Any CPU.ActiveCfg = Release|Any CPU
		{0D22795A-2E30-4B0E-BE4D-48A285478681}.Release|Any CPU.Build.0 = Release|Any CPU
		{0257801A-B223-4C48-9043-1B72DFE54A4D}.Debug|Any CPU.ActiveCfg = Debug|Any CPU
		{0257801A-B223-4C48-9043-1B72DFE54A4D}.Debug|Any CPU.Build.0 = Debug|Any CPU
		{0257801A-B223-4C48-9043-1B72DFE54A4D}.Release|Any CPU.ActiveCfg = Release|Any CPU
		{0257801A-B223-4C48-9043-1B72DFE54A4D}.Release|Any CPU.Build.0 = Release|Any CPU
	EndGlobalSection
	GlobalSection(SolutionProperties) = preSolution
		HideSolutionNode = FALSE
	EndGlobalSection
	GlobalSection(ExtensibilityGlobals) = postSolution
		SolutionGuid = {F0C4A331-3F03-449E-AD16-FC8F04587CDE}
	EndGlobalSection
EndGlobal
